
Microsoft Visual Studio Solution File, Format Version 12.00
# Visual Studio Version 16
VisualStudioVersion = 16.0.32602.291
MinimumVisualStudioVersion = 10.0.40219.1
Project("{FAE04EC0-301F-11D3-BF4B-00C04F79EFBC}") = "carnet adresse", "carnet adresse.csproj", "{16E65165-10F3-4EEE-B3F4-8D457778CC05}"
EndProject
Global
	GlobalSection(SolutionConfigurationPlatforms) = preSolution
		Debug|Any CPU = Debug|Any CPU
		Release|Any CPU = Release|Any CPU
	EndGlobalSection
	GlobalSection(ProjectConfigurationPlatforms) = postSolution
		{16E65165-10F3-4EEE-B3F4-8D457778CC05}.Debug|Any CPU.ActiveCfg = Debug|Any CPU
		{16E65165-10F3-4EEE-B3F4-8D457778CC05}.Debug|Any CPU.Build.0 = Debug|Any CPU
		{16E65165-10F3-4EEE-B3F4-8D457778CC05}.Release|Any CPU.ActiveCfg = Release|Any CPU
		{16E65165-10F3-4EEE-B3F4-8D457778CC05}.Release|Any CPU.Build.0 = Release|Any CPU
	EndGlobalSection
	GlobalSection(SolutionProperties) = preSolution
		HideSolutionNode = FALSE
	EndGlobalSection
	GlobalSection(ExtensibilityGlobals) = postSolution
		SolutionGuid = {4DF2F79C-4D7D-4B2E-94E1-F597B5BA5977}
	EndGlobalSection
EndGlobal
